
Microsoft Visual Studio Solution File, Format Version 12.00
# Visual Studio Version 17
VisualStudioVersion = 17.10.35013.160
MinimumVisualStudioVersion = 10.0.40219.1
Project("{FAE04EC0-301F-11D3-BF4B-00C04F79EFBC}") = "Ejercicio12", "Ejercicio12\Ejercicio12.csproj", "{795C3B1D-9B56-48C4-9B2E-E3AE11274542}"
EndProject
Global
	GlobalSection(SolutionConfigurationPlatforms) = preSolution
		Debug|Any CPU = Debug|Any CPU
		Release|Any CPU = Release|Any CPU
	EndGlobalSection
	GlobalSection(ProjectConfigurationPlatforms) = postSolution
		{795C3B1D-9B56-48C4-9B2E-E3AE11274542}.Debug|Any CPU.ActiveCfg = Debug|Any CPU
		{795C3B1D-9B56-48C4-9B2E-E3AE11274542}.Debug|Any CPU.Build.0 = Debug|Any CPU
		{795C3B1D-9B56-48C4-9B2E-E3AE11274542}.Release|Any CPU.ActiveCfg = Release|Any CPU
		{795C3B1D-9B56-48C4-9B2E-E3AE11274542}.Release|Any CPU.Build.0 = Release|Any CPU
	EndGlobalSection
	GlobalSection(SolutionProperties) = preSolution
		HideSolutionNode = FALSE
	EndGlobalSection
	GlobalSection(ExtensibilityGlobals) = postSolution
		SolutionGuid = {5058577B-74AF-48E3-A9DD-301C07FC1EE8}
	EndGlobalSection
EndGlobal
